Microsoft Visual Studio Solution File, Format Version 8.00
Project("{FAE04EC0-301F-11D3-BF4B-00C04F79EFBC}") = "WindowsApplication1", "WindowsApplication1.csproj", "{1908F09B-ADA7-4C25-AA2E-C1EF69EC9D56}"
	ProjectSection(ProjectDependencies) = postProject
	EndProjectSection
EndProject
Global
	GlobalSection(SolutionConfiguration) = preSolution
		Debug = Debug
		Release = Release
	EndGlobalSection
	GlobalSection(ProjectConfiguration) = postSolution
		{1908F09B-ADA7-4C25-AA2E-C1EF69EC9D56}.Debug.ActiveCfg = Debug|.NET
		{1908F09B-ADA7-4C25-AA2E-C1EF69EC9D56}.Debug.Build.0 = Debug|.NET
		{1908F09B-ADA7-4C25-AA2E-C1EF69EC9D56}.Release.ActiveCfg = Release|.NET
		{1908F09B-ADA7-4C25-AA2E-C1EF69EC9D56}.Release.Build.0 = Release|.NET
	EndGlobalSection
	GlobalSection(ExtensibilityGlobals) = postSolution
	EndGlobalSection
	GlobalSection(ExtensibilityAddIns) = postSolution
	EndGlobalSection
EndGlobal
